hash: c7c0bddec724beb074801a2916a9114a266f736d4efb46d9239d480ba4578cd5
updated: 2016-07-11T17:32:57.334378405-04:00
imports:
- name: github.com/gogo/protobuf
  version: 4168943e65a2802828518e95310aeeed6d84c4e5
  subpackages:
  - proto
- name: github.com/opentracing/opentracing-go
  version: 1b5f9d8995e986f0a4067435fb28a2ecbe851e02
  subpackages:
  - ext
- name: golang.org/x/net
  version: f841c39de738b1d0df95b5a7187744f0e03d8112
  subpackages:
  - context
  - trace
  - internal/timeseries
devImports: []
